// !$*UTF8*$!
{
	archiveVersion = 1;
	classes = {
	};
	objectVersion = 46;
	objects = {

/* Begin PBXBuildFile section */
		4379A1EB00F93493DB884E3D /* MOE.framework in Frameworks */ = {isa = PBXBuildFile; fileRef = 416BF17D464F8705845F939E /* MOE.framework */; };
		CE22A51D1B1DC171002400F6 /* Artificial_256.png in Resources */ = {isa = PBXBuildFile; fileRef = CE22A5101B1DC171002400F6 /* Artificial_256.png */; };
		CE22A51E1B1DC171002400F6 /* artificial37.png in Resources */ = {isa = PBXBuildFile; fileRef = CE22A5111B1DC171002400F6 /* artificial37.png */; };
		CE22A51F1B1DC171002400F6 /* Elements.xml in Resources */ = {isa = PBXBuildFile; fileRef = CE22A5121B1DC171002400F6 /* Elements.xml */; };
		CE22A5201B1DC171002400F6 /* Gas_256.png in Resources */ = {isa = PBXBuildFile; fileRef = CE22A5131B1DC171002400F6 /* Gas_256.png */; };
		CE22A5211B1DC171002400F6 /* gas37.png in Resources */ = {isa = PBXBuildFile; fileRef = CE22A5141B1DC171002400F6 /* gas37.png */; };
		CE22A5221B1DC171002400F6 /* Liquid_256.png in Resources */ = {isa = PBXBuildFile; fileRef = CE22A5151B1DC171002400F6 /* Liquid_256.png */; };
		CE22A5231B1DC171002400F6 /* liquid37.png in Resources */ = {isa = PBXBuildFile; fileRef = CE22A5161B1DC171002400F6 /* liquid37.png */; };
		CE22A5241B1DC171002400F6 /* name_gray.png in Resources */ = {isa = PBXBuildFile; fileRef = CE22A5171B1DC171002400F6 /* name_gray.png */; };
		CE22A5251B1DC171002400F6 /* number_gray.png in Resources */ = {isa = PBXBuildFile; fileRef = CE22A5181B1DC171002400F6 /* number_gray.png */; };
		CE22A5261B1DC171002400F6 /* Solid_256.png in Resources */ = {isa = PBXBuildFile; fileRef = CE22A5191B1DC171002400F6 /* Solid_256.png */; };
		CE22A5271B1DC171002400F6 /* solid37.png in Resources */ = {isa = PBXBuildFile; fileRef = CE22A51A1B1DC171002400F6 /* solid37.png */; };
		CE22A5281B1DC171002400F6 /* state_gray.png in Resources */ = {isa = PBXBuildFile; fileRef = CE22A51B1B1DC171002400F6 /* state_gray.png */; };
		CE22A5291B1DC171002400F6 /* symbol_gray.png in Resources */ = {isa = PBXBuildFile; fileRef = CE22A51C1B1DC171002400F6 /* symbol_gray.png */; };
		CE911FFA1B58F96A003C3388 /* intel_logo.png in Resources */ = {isa = PBXBuildFile; fileRef = CE911FF71B58F96A003C3388 /* intel_logo.png */; };
		CE911FFB1B58F96A003C3388 /* LaunchScreen.xib in Resources */ = {isa = PBXBuildFile; fileRef = CE911FF81B58F96A003C3388 /* LaunchScreen.xib */; };
		CE911FFC1B58F96A003C3388 /* MainUI.storyboard in Resources */ = {isa = PBXBuildFile; fileRef = CE911FF91B58F96A003C3388 /* MainUI.storyboard */; };
		CE911FFE1B58FB09003C3388 /* preregister.txt in Resources */ = {isa = PBXBuildFile; fileRef = CE911FFD1B58FB09003C3388 /* preregister.txt */; };
		CE9463771B20873C00452BC7 /* flipper_list_blue.png in Resources */ = {isa = PBXBuildFile; fileRef = CE9463761B20873C00452BC7 /* flipper_list_blue.png */; };
		E49144AEAD9AE3B726653D13 /* main.cpp in Sources */ = {isa = PBXBuildFile; fileRef = 3210D3BB822B2726A1F5A371 /* main.cpp */; };
		EDDCE53A5ADE09A36DBED2E7 /* MOE.framework in Embed Frameworks */ = {isa = PBXBuildFile; fileRef = 416BF17D464F8705845F939E /* MOE.framework */; settings = {ATTRIBUTES = (CodeSignOnCopy, RemoveHeadersOnCopy, ); }; };
/* End PBXBuildFile section */

/* Begin PBXCopyFilesBuildPhase section */
		C054E14A65C5CA0950327982 /* Embed Frameworks */ = {
			isa = PBXCopyFilesBuildPhase;
			buildActionMask = 2147483647;
			dstPath = "";
			dstSubfolderSpec = 10;
			files = (
				EDDCE53A5ADE09A36DBED2E7 /* MOE.framework in Embed Frameworks */,
			);
			name = "Embed Frameworks";
			runOnlyForDeploymentPostprocessing = 0;
		};
/* End PBXCopyFilesBuildPhase section */

/* Begin PBXFileReference section */
		3210D3BB822B2726A1F5A371 /* main.cpp */ = {isa = PBXFileReference; lastKnownFileType = sourcecode.cpp.cpp; path = main.cpp; sourceTree = "<group>"; };
		416BF17D464F8705845F939E /* MOE.framework */ = {isa = PBXFileReference; lastKnownFileType = wrapper.framework; path = MOE.framework; sourceTree = XRT_FRAMEWORK_PATH; };
		43F2B4164917363B34473721 /* build.xcconfig */ = {isa = PBXFileReference; lastKnownFileType = text.xcconfig; path = build.xcconfig; sourceTree = "<group>"; };
		B467AA4EDCC5A0FF998C61AD /* Info.plist */ = {isa = PBXFileReference; lastKnownFileType = text.plist.xml; path = Info.plist; sourceTree = "<group>"; };
		CE22A5101B1DC171002400F6 /* Artificial_256.png */ = {isa = PBXFileReference; lastKnownFileType = image.png; name = Artificial_256.png; path = ../src/main/resources/Artificial_256.png; sourceTree = "<group>"; };
		CE22A5111B1DC171002400F6 /* artificial37.png */ = {isa = PBXFileReference; lastKnownFileType = image.png; name = artificial37.png; path = ../src/main/resources/artificial37.png; sourceTree = "<group>"; };
		CE22A5121B1DC171002400F6 /* Elements.xml */ = {isa = PBXFileReference; lastKnownFileType = text.xml; name = Elements.xml; path = ../src/main/resources/Elements.xml; sourceTree = "<group>"; };
		CE22A5131B1DC171002400F6 /* Gas_256.png */ = {isa = PBXFileReference; lastKnownFileType = image.png; name = Gas_256.png; path = ../src/main/resources/Gas_256.png; sourceTree = "<group>"; };
		CE22A5141B1DC171002400F6 /* gas37.png */ = {isa = PBXFileReference; lastKnownFileType = image.png; name = gas37.png; path = ../src/main/resources/gas37.png; sourceTree = "<group>"; };
		CE22A5151B1DC171002400F6 /* Liquid_256.png */ = {isa = PBXFileReference; lastKnownFileType = image.png; name = Liquid_256.png; path = ../src/main/resources/Liquid_256.png; sourceTree = "<group>"; };
		CE22A5161B1DC171002400F6 /* liquid37.png */ = {isa = PBXFileReference; lastKnownFileType = image.png; name = liquid37.png; path = ../src/main/resources/liquid37.png; sourceTree = "<group>"; };
		CE22A5171B1DC171002400F6 /* name_gray.png */ = {isa = PBXFileReference; lastKnownFileType = image.png; name = name_gray.png; path = ../src/main/resources/name_gray.png; sourceTree = "<group>"; };
		CE22A5181B1DC171002400F6 /* number_gray.png */ = {isa = PBXFileReference; lastKnownFileType = image.png; name = number_gray.png; path = ../src/main/resources/number_gray.png; sourceTree = "<group>"; };
		CE22A5191B1DC171002400F6 /* Solid_256.png */ = {isa = PBXFileReference; lastKnownFileType = image.png; name = Solid_256.png; path = ../src/main/resources/Solid_256.png; sourceTree = "<group>"; };
		CE22A51A1B1DC171002400F6 /* solid37.png */ = {isa = PBXFileReference; lastKnownFileType = image.png; name = solid37.png; path = ../src/main/resources/solid37.png; sourceTree = "<group>"; };
		CE22A51B1B1DC171002400F6 /* state_gray.png */ = {isa = PBXFileReference; lastKnownFileType = image.png; name = state_gray.png; path = ../src/main/resources/state_gray.png; sourceTree = "<group>"; };
		CE22A51C1B1DC171002400F6 /* symbol_gray.png */ = {isa = PBXFileReference; lastKnownFileType = image.png; name = symbol_gray.png; path = ../src/main/resources/symbol_gray.png; sourceTree = "<group>"; };
		CE911FF71B58F96A003C3388 /* intel_logo.png */ = {isa = PBXFileReference; lastKnownFileType = image.png; name = intel_logo.png; path = ../src/main/resources/intel_logo.png; sourceTree = "<group>"; };
		CE911FF81B58F96A003C3388 /* LaunchScreen.xib */ = {isa = PBXFileReference; lastKnownFileType = file.xib; name = LaunchScreen.xib; path = ../src/main/resources/LaunchScreen.xib; sourceTree = "<group>"; };
		CE911FF91B58F96A003C3388 /* MainUI.storyboard */ = {isa = PBXFileReference; lastKnownFileType = file.storyboard; name = MainUI.storyboard; path = ../src/main/resources/MainUI.storyboard; sourceTree = "<group>"; };
		CE911FFD1B58FB09003C3388 /* preregister.txt */ = {isa = PBXFileReference; lastKnownFileType = text; path = preregister.txt; sourceTree = "<group>"; };
		CE9463761B20873C00452BC7 /* flipper_list_blue.png */ = {isa = PBXFileReference; lastKnownFileType = image.png; name = flipper_list_blue.png; path = ../src/main/resources/flipper_list_blue.png; sourceTree = "<group>"; };
		DCEFD78C63C24D1A9702683D /* TheElements.app */ = {isa = PBXFileReference; explicitFileType = wrapper.application; path = TheElements.app; sourceTree = BUILT_PRODUCTS_DIR; };
/* End PBXFileReference section */

/* Begin PBXFrameworksBuildPhase section */
		AE372CA2D9128F062DE82715 /* Frameworks */ = {
			isa = PBXFrameworksBuildPhase;
			buildActionMask = 2147483647;
			files = (
				4379A1EB00F93493DB884E3D /* MOE.framework in Frameworks */,
			);
			runOnlyForDeploymentPostprocessing = 0;
		};
/* End PBXFrameworksBuildPhase section */

/* Begin PBXGroup section */
		14B89B16F5971049287BC434 /* TheElements */ = {
			isa = PBXGroup;
			children = (
				D53A4FA96809F8E5E16E5E70 /* Supporting Files */,
			);
			path = TheElements;
			sourceTree = "<group>";
		};
		3575A553B718CA5D03AA40EE /* Frameworks */ = {
			isa = PBXGroup;
			children = (
				416BF17D464F8705845F939E /* MOE.framework */,
			);
			name = Frameworks;
			sourceTree = "<group>";
		};
		61AFDA5F00DB1AE157AA5129 = {
			isa = PBXGroup;
			children = (
				14B89B16F5971049287BC434 /* TheElements */,
				3575A553B718CA5D03AA40EE /* Frameworks */,
				B5573EE71EA14558C28A2D33 /* Resources */,
			);
			sourceTree = "<group>";
		};
		B5573EE71EA14558C28A2D33 /* Resources */ = {
			isa = PBXGroup;
			children = (
				CE911FF71B58F96A003C3388 /* intel_logo.png */,
				CE911FF81B58F96A003C3388 /* LaunchScreen.xib */,
				CE911FF91B58F96A003C3388 /* MainUI.storyboard */,
				CE9463761B20873C00452BC7 /* flipper_list_blue.png */,
				CE22A5101B1DC171002400F6 /* Artificial_256.png */,
				CE22A5111B1DC171002400F6 /* artificial37.png */,
				CE22A5121B1DC171002400F6 /* Elements.xml */,
				CE22A5131B1DC171002400F6 /* Gas_256.png */,
				CE22A5141B1DC171002400F6 /* gas37.png */,
				CE22A5151B1DC171002400F6 /* Liquid_256.png */,
				CE22A5161B1DC171002400F6 /* liquid37.png */,
				CE22A5171B1DC171002400F6 /* name_gray.png */,
				CE22A5181B1DC171002400F6 /* number_gray.png */,
				CE22A5191B1DC171002400F6 /* Solid_256.png */,
				CE22A51A1B1DC171002400F6 /* solid37.png */,
				CE22A51B1B1DC171002400F6 /* state_gray.png */,
				CE22A51C1B1DC171002400F6 /* symbol_gray.png */,
				DCEFD78C63C24D1A9702683D /* TheElements.app */,
			);
			name = Resources;
			sourceTree = "<group>";
		};
		D53A4FA96809F8E5E16E5E70 /* Supporting Files */ = {
			isa = PBXGroup;
			children = (
				43F2B4164917363B34473721 /* build.xcconfig */,
				3210D3BB822B2726A1F5A371 /* main.cpp */,
				B467AA4EDCC5A0FF998C61AD /* Info.plist */,
				CE911FFD1B58FB09003C3388 /* preregister.txt */,
			);
			name = "Supporting Files";
			sourceTree = "<group>";
		};
/* End PBXGroup section */

/* Begin PBXNativeTarget section */
		22BB7E3C91900C272E8F032F /* TheElements */ = {
			isa = PBXNativeTarget;
			buildConfigurationList = 26AB8D8D75A051894C98A422 /* Build configuration list for PBXNativeTarget "TheElements" */;
			buildPhases = (
				F248B5C387DAC0113F8D4B1C /* Compile Java Sources */,
				AE372CA2D9128F062DE82715 /* Frameworks */,
				6575D1E1F237C486AA5AA5CC /* Resources */,
				221EFF769B1E55B2FDD45CD2 /* Sources */,
				C054E14A65C5CA0950327982 /* Embed Frameworks */,
			);
			buildRules = (
			);
			name = TheElements;
			productName = TheElements;
			productReference = DCEFD78C63C24D1A9702683D /* TheElements.app */;
			productType = "com.apple.product-type.application";
		};
/* End PBXNativeTarget section */

/* Begin PBXProject section */
		30B06CDC7C19AAFEDC18BC9C /* Project object */ = {
			isa = PBXProject;
			attributes = {
				ORGANIZATIONNAME = com.example.company;
			};
			buildConfigurationList = 519BCD55F298AD852E9598F2 /* Build configuration list for PBXProject "TheElements" */;
			compatibilityVersion = "Xcode 3.2";
			developmentRegion = English;
			hasScannedForEncodings = 0;
			knownRegions = (
				en,
				Base,
			);
			mainGroup = 61AFDA5F00DB1AE157AA5129;
			productRefGroup = B5573EE71EA14558C28A2D33 /* Resources */;
			projectDirPath = "";
			projectRoot = "";
			targets = (
				22BB7E3C91900C272E8F032F /* TheElements */,
			);
		};
/* End PBXProject section */

/* Begin PBXResourcesBuildPhase section */
		6575D1E1F237C486AA5AA5CC /* Resources */ = {
			isa = PBXResourcesBuildPhase;
			buildActionMask = 2147483647;
			files = (
				CE911FFE1B58FB09003C3388 /* preregister.txt in Resources */,
				CE911FFA1B58F96A003C3388 /* intel_logo.png in Resources */,
				CE911FFB1B58F96A003C3388 /* LaunchScreen.xib in Resources */,
				CE911FFC1B58F96A003C3388 /* MainUI.storyboard in Resources */,
				CE9463771B20873C00452BC7 /* flipper_list_blue.png in Resources */,
				CE22A51D1B1DC171002400F6 /* Artificial_256.png in Resources */,
				CE22A51E1B1DC171002400F6 /* artificial37.png in Resources */,
				CE22A51F1B1DC171002400F6 /* Elements.xml in Resources */,
				CE22A5201B1DC171002400F6 /* Gas_256.png in Resources */,
				CE22A5211B1DC171002400F6 /* gas37.png in Resources */,
				CE22A5221B1DC171002400F6 /* Liquid_256.png in Resources */,
				CE22A5231B1DC171002400F6 /* liquid37.png in Resources */,
				CE22A5241B1DC171002400F6 /* name_gray.png in Resources */,
				CE22A5251B1DC171002400F6 /* number_gray.png in Resources */,
				CE22A5261B1DC171002400F6 /* Solid_256.png in Resources */,
				CE22A5271B1DC171002400F6 /* solid37.png in Resources */,
				CE22A5281B1DC171002400F6 /* state_gray.png in Resources */,
				CE22A5291B1DC171002400F6 /* symbol_gray.png in Resources */,
			);
			runOnlyForDeploymentPostprocessing = 0;
		};
/* End PBXResourcesBuildPhase section */

/* Begin PBXShellScriptBuildPhase section */
		F248B5C387DAC0113F8D4B1C /* Compile Java Sources */ = {
			isa = PBXShellScriptBuildPhase;
			buildActionMask = 2147483647;
			files = (
			);
			inputPaths = (
			);
			name = "Compile Java Sources";
			outputPaths = (
			);
			runOnlyForDeploymentPostprocessing = 0;
			shellPath = /bin/bash;
			shellScript = "cd ../\n\nexport JAVA_HOME=$(/usr/libexec/java_home -v 1.8)\njava -version\n\nfunction gradlePath {\n    CD=\"$PWD\"\n    while [ \"$CD\" != \"\" ]; do\n    if [ -x \"$CD/gradlew\" ]; then\n    GRADLE_PATH=$CD/gradlew\n    return 0\n    fi\n    CD=\"${CD%/*}\"\n    done\n    \n    GRADLE_PATH=$(which 'gradle')\n    \n    if [ \"$GRADLE_PATH\" = \"\" ]; then\n    GRADLE_PATH=/usr/local/bin/gradle\n    fi\n}\ngradlePath\n\nif [ \"$XRT_SKIP_DEX\" == \"Yes\" ]; then\necho \"Compiling ART only...\"\n\"$GRADLE_PATH\" --daemon buildArtOat -Pxrt.archs=${arch}\nexit\nfi\n\n\"$GRADLE_PATH\" --daemon compileJava proguard buildPreregister buildRetro buildDex buildArtOat -Pxrt.archs=\"${ARCHS}\"";
			showEnvVarsInLog = 0;
		};
/* End PBXShellScriptBuildPhase section */

/* Begin PBXSourcesBuildPhase section */
		221EFF769B1E55B2FDD45CD2 /* Sources */ = {
			isa = PBXSourcesBuildPhase;
			buildActionMask = 2147483647;
			files = (
				E49144AEAD9AE3B726653D13 /* main.cpp in Sources */,
			);
			runOnlyForDeploymentPostprocessing = 0;
		};
/* End PBXSourcesBuildPhase section */

/* Begin XCBuildConfiguration section */
		26471D3B9F7F22AD7D534C0B /* Debug */ = {
			isa = XCBuildConfiguration;
			baseConfigurationReference = 43F2B4164917363B34473721 /* build.xcconfig */;
			buildSettings = {
				ALWAYS_SEARCH_USER_PATHS = NO;
				CLANG_CXX_LANGUAGE_STANDARD = "gnu++0x";
				CLANG_CXX_LIBRARY = "libc++";
				CLANG_ENABLE_MODULES = YES;
				CLANG_ENABLE_OBJC_ARC = YES;
				CLANG_WARN_BOOL_CONVERSION = YES;
				CLANG_WARN_CONSTANT_CONVERSION = YES;
				CLANG_WARN_DIRECT_OBJC_ISA_USAGE = YES_ERROR;
				CLANG_WARN_EMPTY_BODY = YES;
				CLANG_WARN_ENUM_CONVERSION = YES;
				CLANG_WARN_INT_CONVERSION = YES;
				CLANG_WARN_OBJC_ROOT_CLASS = YES_ERROR;
				CLANG_WARN_UNREACHABLE_CODE = YES;
				CLANG_WARN__DUPLICATE_METHOD_MATCH = YES;
				CODE_SIGN_IDENTITY = "iPhone Developer";
				COPY_PHASE_STRIP = NO;
				ENABLE_STRICT_OBJC_MSGSEND = YES;
				FRAMEWORK_SEARCH_PATHS = (
					"$(inherited)",
					"${XRT_FRAMEWORK_PATH}",
				);
				GCC_C_LANGUAGE_STANDARD = gnu99;
				GCC_DYNAMIC_NO_PIC = YES;
				GCC_OPTIMIZATION_LEVEL = 0;
				GCC_PREPROCESSOR_DEFINITIONS = (
					"DEBUG=1",
					"$(inherited)",
				);
				GCC_SYMBOLS_PRIVATE_EXTERN = NO;
				GCC_WARN_64_TO_32_BIT_CONVERSION = YES;
				GCC_WARN_ABOUT_RETURN_TYPE = YES_ERROR;
				GCC_WARN_UNDECLARED_SELECTOR = YES;
				GCC_WARN_UNINITIALIZED_AUTOS = YES_AGGRESSIVE;
				GCC_WARN_UNUSED_FUNCTION = YES;
				GCC_WARN_UNUSED_VARIABLE = YES;
				IPHONEOS_DEPLOYMENT_TARGET = 8.0;
				LD_RUNPATH_SEARCH_PATHS = "$(inherited) ${XRT_FRAMEWORK_PATH}";
				MTL_ENABLE_DEBUG_INFO = YES;
				ONLY_ACTIVE_ARCH = NO;
				SDKROOT = iphoneos;
				SYMROOT = ../build/xcode;
				TARGETED_DEVICE_FAMILY = "1,2";
			};
			name = Debug;
		};
		8F9918AF0C0235143CA3956E /* Release */ = {
			isa = XCBuildConfiguration;
			baseConfigurationReference = 43F2B4164917363B34473721 /* build.xcconfig */;
			buildSettings = {
				ALWAYS_SEARCH_USER_PATHS = NO;
				CLANG_CXX_LANGUAGE_STANDARD = "gnu++0x";
				CLANG_CXX_LIBRARY = "libc++";
				CLANG_ENABLE_MODULES = YES;
				CLANG_ENABLE_OBJC_ARC = YES;
				CLANG_WARN_BOOL_CONVERSION = YES;
				CLANG_WARN_CONSTANT_CONVERSION = YES;
				CLANG_WARN_DIRECT_OBJC_ISA_USAGE = YES_ERROR;
				CLANG_WARN_EMPTY_BODY = YES;
				CLANG_WARN_ENUM_CONVERSION = YES;
				CLANG_WARN_INT_CONVERSION = YES;
				CLANG_WARN_OBJC_ROOT_CLASS = YES_ERROR;
				CLANG_WARN_UNREACHABLE_CODE = YES;
				CLANG_WARN__DUPLICATE_METHOD_MATCH = YES;
				CODE_SIGN_IDENTITY = "iPhone Developer";
				COPY_PHASE_STRIP = NO;
				ENABLE_STRICT_OBJC_MSGSEND = YES;
				FRAMEWORK_SEARCH_PATHS = (
					"$(inherited)",
					"${XRT_FRAMEWORK_PATH}",
				);
				GCC_C_LANGUAGE_STANDARD = gnu99;
				GCC_DYNAMIC_NO_PIC = YES;
				GCC_OPTIMIZATION_LEVEL = 0;
				GCC_PREPROCESSOR_DEFINITIONS = (
					"DEBUG=1",
					"$(inherited)",
				);
				GCC_SYMBOLS_PRIVATE_EXTERN = NO;
				GCC_WARN_64_TO_32_BIT_CONVERSION = YES;
				GCC_WARN_ABOUT_RETURN_TYPE = YES_ERROR;
				GCC_WARN_UNDECLARED_SELECTOR = YES;
				GCC_WARN_UNINITIALIZED_AUTOS = YES_AGGRESSIVE;
				GCC_WARN_UNUSED_FUNCTION = YES;
				GCC_WARN_UNUSED_VARIABLE = YES;
				IPHONEOS_DEPLOYMENT_TARGET = 8.0;
				LD_RUNPATH_SEARCH_PATHS = "$(inherited) ${XRT_FRAMEWORK_PATH}";
				MTL_ENABLE_DEBUG_INFO = YES;
				ONLY_ACTIVE_ARCH = NO;
				SDKROOT = iphoneos;
				SYMROOT = ../build/xcode;
				TARGETED_DEVICE_FAMILY = "1,2";
			};
			name = Release;
		};
		CF5D21A76D7444026BE47FEE /* Release */ = {
			isa = XCBuildConfiguration;
			baseConfigurationReference = 43F2B4164917363B34473721 /* build.xcconfig */;
			buildSettings = {
				ASSETCATALOG_COMPILER_APPICON_NAME = AppIcon;
				CODE_SIGN_IDENTITY = "iPhone Developer";
				"CODE_SIGN_IDENTITY[sdk=iphoneos*]" = "iPhone Developer";
				DEAD_CODE_STRIPPING = NO;
				ENABLE_BITCODE = NO;
				FRAMEWORK_SEARCH_PATHS = "$(inherited)";
				INFOPLIST_FILE = TheElements/Info.plist;
				LD_RUNPATH_SEARCH_PATHS = "$(inherited) @executable_path/Frameworks";
				ONLY_ACTIVE_ARCH = NO;
				OTHER_LDFLAGS = "${XRT_OTHER_LDFLAGS}";
				PRODUCT_NAME = TheElements;
				PROVISIONING_PROFILE = "";
				STRIP_STYLE = "non-global";
				VALID_ARCHS = "armv7 arm64 i386 x86_64";
			};
			name = Release;
		};
		DD8D224238A436AC91407432 /* Debug */ = {
			isa = XCBuildConfiguration;
			baseConfigurationReference = 43F2B4164917363B34473721 /* build.xcconfig */;
			buildSettings = {
				ASSETCATALOG_COMPILER_APPICON_NAME = AppIcon;
				CODE_SIGN_IDENTITY = "iPhone Developer";
				"CODE_SIGN_IDENTITY[sdk=iphoneos*]" = "iPhone Developer";
				DEAD_CODE_STRIPPING = NO;
				ENABLE_BITCODE = NO;
				FRAMEWORK_SEARCH_PATHS = "$(inherited)";
				INFOPLIST_FILE = TheElements/Info.plist;
				LD_RUNPATH_SEARCH_PATHS = "$(inherited) @executable_path/Frameworks";
				ONLY_ACTIVE_ARCH = NO;
				OTHER_LDFLAGS = "${XRT_OTHER_LDFLAGS}";
				PRODUCT_NAME = TheElements;
				PROVISIONING_PROFILE = "";
				STRIP_STYLE = "non-global";
				VALID_ARCHS = "armv7 arm64 i386 x86_64";
			};
			name = Debug;
		};
/* End XCBuildConfiguration section */

/* Begin XCConfigurationList section */
		26AB8D8D75A051894C98A422 /* Build configuration list for PBXNativeTarget "TheElements" */ = {
			isa = XCConfigurationList;
			buildConfigurations = (
				DD8D224238A436AC91407432 /* Debug */,
				CF5D21A76D7444026BE47FEE /* Release */,
			);
			defaultConfigurationIsVisible = 0;
			defaultConfigurationName = Release;
		};
		519BCD55F298AD852E9598F2 /* Build configuration list for PBXProject "TheElements" */ = {
			isa = XCConfigurationList;
			buildConfigurations = (
				26471D3B9F7F22AD7D534C0B /* Debug */,
				8F9918AF0C0235143CA3956E /* Release */,
			);
			defaultConfigurationIsVisible = 0;
			defaultConfigurationName = Release;
		};
/* End XCConfigurationList section */
	};
	rootObject = 30B06CDC7C19AAFEDC18BC9C /* Project object */;
}
