// !$*UTF8*$!
{
	archiveVersion = 1;
	classes = {
	};
	objectVersion = 46;
	objects = {

/* Begin PBXBuildFile section */
		31DD864A918E4AB51B22DBCE /* intel_logo.png in Resources */ = {isa = PBXBuildFile; fileRef = CD55CA0E6169C4931BA941A9 /* intel_logo.png */; };
		5B6B93B0A3AE5A77CC7C0CC0 /* MOE.framework in Frameworks */ = {isa = PBXBuildFile; fileRef = 689EE507152684BF97518DEA /* MOE.framework */; };
		79D59B8F7EA84EE88E2C4DFC /* MOE.framework in Embed Frameworks */ = {isa = PBXBuildFile; fileRef = 689EE507152684BF97518DEA /* MOE.framework */; settings = {ATTRIBUTES = (CodeSignOnCopy, RemoveHeadersOnCopy, ); }; };
		AA039173C9AD89A4A348102C /* main.cpp in Sources */ = {isa = PBXBuildFile; fileRef = 1DE7CF87F2F4F5C384BF2D4B /* main.cpp */; };
		CE20F3231BFFB176008C9957 /* application.jar in Resources */ = {isa = PBXBuildFile; fileRef = CE20F3221BFFB176008C9957 /* application.jar */; };
		DD6933BF973C5CBD953F8C61 /* preregister.txt in Resources */ = {isa = PBXBuildFile; fileRef = 84DED1575968A3B6AD02A97B /* preregister.txt */; };
		F58DF9BF0D050EEFD46F68D0 /* LaunchScreen.xib in Resources */ = {isa = PBXBuildFile; fileRef = 71F45BDF49502EAC66C04D05 /* LaunchScreen.xib */; };
/* End PBXBuildFile section */

/* Begin PBXCopyFilesBuildPhase section */
		14D08212938B84E42F69E5FB /* Embed Frameworks */ = {
			isa = PBXCopyFilesBuildPhase;
			buildActionMask = 2147483647;
			dstPath = "";
			dstSubfolderSpec = 10;
			files = (
				79D59B8F7EA84EE88E2C4DFC /* MOE.framework in Embed Frameworks */,
			);
			name = "Embed Frameworks";
			runOnlyForDeploymentPostprocessing = 0;
		};
/* End PBXCopyFilesBuildPhase section */

/* Begin PBXFileReference section */
		1DE7CF87F2F4F5C384BF2D4B /* main.cpp */ = {isa = PBXFileReference; lastKnownFileType = sourcecode.cpp.cpp; path = main.cpp; sourceTree = "<group>"; };
		2AE73D632BC524422F5A4C6D /* Info.plist */ = {isa = PBXFileReference; lastKnownFileType = text.plist.xml; path = Info.plist; sourceTree = "<group>"; };
		4272FECBCC5A27C153A62DD5 /* WebBrowser.app */ = {isa = PBXFileReference; explicitFileType = wrapper.application; path = WebBrowser.app; sourceTree = BUILT_PRODUCTS_DIR; };
		689EE507152684BF97518DEA /* MOE.framework */ = {isa = PBXFileReference; lastKnownFileType = wrapper.framework; path = MOE.framework; sourceTree = XRT_FRAMEWORK_PATH; };
		71F45BDF49502EAC66C04D05 /* LaunchScreen.xib */ = {isa = PBXFileReference; lastKnownFileType = file.xib; name = LaunchScreen.xib; path = ../src/main/resources/LaunchScreen.xib; sourceTree = "<group>"; };
		84DED1575968A3B6AD02A97B /* preregister.txt */ = {isa = PBXFileReference; lastKnownFileType = text; path = preregister.txt; sourceTree = "<group>"; };
		CD55CA0E6169C4931BA941A9 /* intel_logo.png */ = {isa = PBXFileReference; lastKnownFileType = image.png; name = intel_logo.png; path = ../src/main/resources/intel_logo.png; sourceTree = "<group>"; };
		CE20F3221BFFB176008C9957 /* application.jar */ = {isa = PBXFileReference; lastKnownFileType = archive.jar; name = application.jar; path = ../build/application.jar; sourceTree = "<group>"; };
		D52C861F737D49440E8119D6 /* build.xcconfig */ = {isa = PBXFileReference; lastKnownFileType = text.xcconfig; path = build.xcconfig; sourceTree = "<group>"; };
/* End PBXFileReference section */

/* Begin PBXFrameworksBuildPhase section */
		37C6025677A14E051A300DCA /* Frameworks */ = {
			isa = PBXFrameworksBuildPhase;
			buildActionMask = 2147483647;
			files = (
				5B6B93B0A3AE5A77CC7C0CC0 /* MOE.framework in Frameworks */,
			);
			runOnlyForDeploymentPostprocessing = 0;
		};
/* End PBXFrameworksBuildPhase section */

/* Begin PBXGroup section */
		4083EC6FDB03FD191D3D3B58 /* WebBrowser */ = {
			isa = PBXGroup;
			children = (
				54A1C0AE0845CD8A1528697D /* Supporting Files */,
			);
			path = WebBrowser;
			sourceTree = "<group>";
		};
		54A1C0AE0845CD8A1528697D /* Supporting Files */ = {
			isa = PBXGroup;
			children = (
				D52C861F737D49440E8119D6 /* build.xcconfig */,
				1DE7CF87F2F4F5C384BF2D4B /* main.cpp */,
				2AE73D632BC524422F5A4C6D /* Info.plist */,
				84DED1575968A3B6AD02A97B /* preregister.txt */,
			);
			name = "Supporting Files";
			sourceTree = "<group>";
		};
		9A516966E4ACC1DC02A01A6D = {
			isa = PBXGroup;
			children = (
				4083EC6FDB03FD191D3D3B58 /* WebBrowser */,
				AE1D33D4942DD697DBC73296 /* Frameworks */,
				CB5DC4D85C02D403E6F6EA89 /* Resources */,
			);
			sourceTree = "<group>";
		};
		AE1D33D4942DD697DBC73296 /* Frameworks */ = {
			isa = PBXGroup;
			children = (
				689EE507152684BF97518DEA /* MOE.framework */,
			);
			name = Frameworks;
			sourceTree = "<group>";
		};
		CB5DC4D85C02D403E6F6EA89 /* Resources */ = {
			isa = PBXGroup;
			children = (
				CE20F3221BFFB176008C9957 /* application.jar */,
				4272FECBCC5A27C153A62DD5 /* WebBrowser.app */,
				CD55CA0E6169C4931BA941A9 /* intel_logo.png */,
				71F45BDF49502EAC66C04D05 /* LaunchScreen.xib */,
			);
			name = Resources;
			sourceTree = "<group>";
		};
/* End PBXGroup section */

/* Begin PBXNativeTarget section */
		E4C6CB1E2B7C8052AE882FA4 /* WebBrowser */ = {
			isa = PBXNativeTarget;
			buildConfigurationList = B86ECC1CA441C265664304F7 /* Build configuration list for PBXNativeTarget "WebBrowser" */;
			buildPhases = (
				C9194163FE37C65BAF2A0702 /* Compile Java Sources */,
				37C6025677A14E051A300DCA /* Frameworks */,
				3AEA1D2BE646B08FE3B647C2 /* Resources */,
				D26436CDA84581D6C29F7931 /* Sources */,
				14D08212938B84E42F69E5FB /* Embed Frameworks */,
			);
			buildRules = (
			);
			name = WebBrowser;
			productName = WebBrowser;
			productReference = 4272FECBCC5A27C153A62DD5 /* WebBrowser.app */;
			productType = "com.apple.product-type.application";
		};
/* End PBXNativeTarget section */

/* Begin PBXProject section */
		B00260C8A6CFDB1768026841 /* Project object */ = {
			isa = PBXProject;
			attributes = {
				ORGANIZATIONNAME = intel;
			};
			buildConfigurationList = 1FE3EDA9B770959E3E970A94 /* Build configuration list for PBXProject "WebBrowser" */;
			compatibilityVersion = "Xcode 3.2";
			developmentRegion = English;
			hasScannedForEncodings = 0;
			knownRegions = (
				en,
				Base,
			);
			mainGroup = 9A516966E4ACC1DC02A01A6D;
			productRefGroup = CB5DC4D85C02D403E6F6EA89 /* Resources */;
			projectDirPath = "";
			projectRoot = "";
			targets = (
				E4C6CB1E2B7C8052AE882FA4 /* WebBrowser */,
			);
		};
/* End PBXProject section */

/* Begin PBXResourcesBuildPhase section */
		3AEA1D2BE646B08FE3B647C2 /* Resources */ = {
			isa = PBXResourcesBuildPhase;
			buildActionMask = 2147483647;
			files = (
				CE20F3231BFFB176008C9957 /* application.jar in Resources */,
				DD6933BF973C5CBD953F8C61 /* preregister.txt in Resources */,
				31DD864A918E4AB51B22DBCE /* intel_logo.png in Resources */,
				F58DF9BF0D050EEFD46F68D0 /* LaunchScreen.xib in Resources */,
			);
			runOnlyForDeploymentPostprocessing = 0;
		};
/* End PBXResourcesBuildPhase section */

/* Begin PBXShellScriptBuildPhase section */
		C9194163FE37C65BAF2A0702 /* Compile Java Sources */ = {
			isa = PBXShellScriptBuildPhase;
			buildActionMask = 2147483647;
			files = (
			);
			inputPaths = (
			);
			name = "Compile Java Sources";
			outputPaths = (
			);
			runOnlyForDeploymentPostprocessing = 0;
			shellPath = /bin/bash;
			shellScript = "cd ../\n\nexport JAVA_HOME=$(/usr/libexec/java_home -v 1.8)\njava -version\n\nfunction gradlePath {\n\tCD=\"$PWD\"\n\twhile [ \"$CD\" != \"\" ]; do\n\t\tif [ -x \"$CD/gradlew\" ]; then\n\t\t\tGRADLE_PATH=$CD/gradlew\n\t\t\treturn 0\n\t\tfi\n\t\tCD=\"${CD%/*}\"\n\tdone\n\n\tGRADLE_PATH=$(which 'gradle')\n\n\tif [ \"$GRADLE_PATH\" = \"\" ]; then\n\t\tGRADLE_PATH=/usr/local/bin/gradle\n\tfi\n}\ngradlePath\n\nif [ \"$XRT_SKIP_DEX\" == \"Yes\" ]; then\n\techo \"Compiling ART only...\"\n\t\"$GRADLE_PATH\" --daemon buildArtOat -Pxrt.archs=${arch}\n\texit\nfi\n\n\"$GRADLE_PATH\" --daemon compileJava proguard resPack buildRetro buildDex buildArtOat buildPreregister -Pxrt.archs=\"${ARCHS}\"\n";
			showEnvVarsInLog = 0;
		};
/* End PBXShellScriptBuildPhase section */

/* Begin PBXSourcesBuildPhase section */
		D26436CDA84581D6C29F7931 /* Sources */ = {
			isa = PBXSourcesBuildPhase;
			buildActionMask = 2147483647;
			files = (
				AA039173C9AD89A4A348102C /* main.cpp in Sources */,
			);
			runOnlyForDeploymentPostprocessing = 0;
		};
/* End PBXSourcesBuildPhase section */

/* Begin XCBuildConfiguration section */
		0745F6F7BDB97B9C5D48466D /* Release */ = {
			isa = XCBuildConfiguration;
			baseConfigurationReference = D52C861F737D49440E8119D6 /* build.xcconfig */;
			buildSettings = {
				ALWAYS_SEARCH_USER_PATHS = NO;
				CLANG_CXX_LANGUAGE_STANDARD = "gnu++0x";
				CLANG_CXX_LIBRARY = "libc++";
				CLANG_ENABLE_MODULES = YES;
				CLANG_ENABLE_OBJC_ARC = YES;
				CLANG_WARN_BOOL_CONVERSION = YES;
				CLANG_WARN_CONSTANT_CONVERSION = YES;
				CLANG_WARN_DIRECT_OBJC_ISA_USAGE = YES_ERROR;
				CLANG_WARN_EMPTY_BODY = YES;
				CLANG_WARN_ENUM_CONVERSION = YES;
				CLANG_WARN_INT_CONVERSION = YES;
				CLANG_WARN_OBJC_ROOT_CLASS = YES_ERROR;
				CLANG_WARN_UNREACHABLE_CODE = YES;
				CLANG_WARN__DUPLICATE_METHOD_MATCH = YES;
				CODE_SIGN_IDENTITY = "iPhone Developer";
				COPY_PHASE_STRIP = NO;
				ENABLE_STRICT_OBJC_MSGSEND = YES;
				FRAMEWORK_SEARCH_PATHS = (
					"$(inherited)",
					"${XRT_FRAMEWORK_PATH}",
				);
				GCC_C_LANGUAGE_STANDARD = gnu99;
				GCC_DYNAMIC_NO_PIC = YES;
				GCC_OPTIMIZATION_LEVEL = 0;
				GCC_PREPROCESSOR_DEFINITIONS = (
					"DEBUG=1",
					"$(inherited)",
				);
				GCC_SYMBOLS_PRIVATE_EXTERN = NO;
				GCC_WARN_64_TO_32_BIT_CONVERSION = YES;
				GCC_WARN_ABOUT_RETURN_TYPE = YES_ERROR;
				GCC_WARN_UNDECLARED_SELECTOR = YES;
				GCC_WARN_UNINITIALIZED_AUTOS = YES_AGGRESSIVE;
				GCC_WARN_UNUSED_FUNCTION = YES;
				GCC_WARN_UNUSED_VARIABLE = YES;
				IPHONEOS_DEPLOYMENT_TARGET = 8.0;
				LD_RUNPATH_SEARCH_PATHS = "$(inherited) ${XRT_FRAMEWORK_PATH}";
				MTL_ENABLE_DEBUG_INFO = YES;
				ONLY_ACTIVE_ARCH = NO;
				SDKROOT = iphoneos;
				SYMROOT = ../build/xcode;
				TARGETED_DEVICE_FAMILY = "1,2";
			};
			name = Release;
		};
		89629CA72D430C6B32964409 /* Release */ = {
			isa = XCBuildConfiguration;
			baseConfigurationReference = D52C861F737D49440E8119D6 /* build.xcconfig */;
			buildSettings = {
				ASSETCATALOG_COMPILER_APPICON_NAME = AppIcon;
				DEAD_CODE_STRIPPING = NO;
				ENABLE_BITCODE = NO;
				FRAMEWORK_SEARCH_PATHS = "$(inherited)";
				INFOPLIST_FILE = WebBrowser/Info.plist;
				LD_RUNPATH_SEARCH_PATHS = "$(inherited) @executable_path/Frameworks";
				OTHER_LDFLAGS = "${XRT_OTHER_LDFLAGS}";
				PRODUCT_NAME = WebBrowser;
				STRIP_STYLE = "non-global";
				VALID_ARCHS = "armv7 arm64 i386";
			};
			name = Release;
		};
		8C181474B651600CCAB9B224 /* Debug */ = {
			isa = XCBuildConfiguration;
			baseConfigurationReference = D52C861F737D49440E8119D6 /* build.xcconfig */;
			buildSettings = {
				ALWAYS_SEARCH_USER_PATHS = NO;
				CLANG_CXX_LANGUAGE_STANDARD = "gnu++0x";
				CLANG_CXX_LIBRARY = "libc++";
				CLANG_ENABLE_MODULES = YES;
				CLANG_ENABLE_OBJC_ARC = YES;
				CLANG_WARN_BOOL_CONVERSION = YES;
				CLANG_WARN_CONSTANT_CONVERSION = YES;
				CLANG_WARN_DIRECT_OBJC_ISA_USAGE = YES_ERROR;
				CLANG_WARN_EMPTY_BODY = YES;
				CLANG_WARN_ENUM_CONVERSION = YES;
				CLANG_WARN_INT_CONVERSION = YES;
				CLANG_WARN_OBJC_ROOT_CLASS = YES_ERROR;
				CLANG_WARN_UNREACHABLE_CODE = YES;
				CLANG_WARN__DUPLICATE_METHOD_MATCH = YES;
				CODE_SIGN_IDENTITY = "iPhone Developer";
				COPY_PHASE_STRIP = NO;
				ENABLE_STRICT_OBJC_MSGSEND = YES;
				FRAMEWORK_SEARCH_PATHS = (
					"$(inherited)",
					"${XRT_FRAMEWORK_PATH}",
				);
				GCC_C_LANGUAGE_STANDARD = gnu99;
				GCC_DYNAMIC_NO_PIC = YES;
				GCC_OPTIMIZATION_LEVEL = 0;
				GCC_PREPROCESSOR_DEFINITIONS = (
					"DEBUG=1",
					"$(inherited)",
				);
				GCC_SYMBOLS_PRIVATE_EXTERN = NO;
				GCC_WARN_64_TO_32_BIT_CONVERSION = YES;
				GCC_WARN_ABOUT_RETURN_TYPE = YES_ERROR;
				GCC_WARN_UNDECLARED_SELECTOR = YES;
				GCC_WARN_UNINITIALIZED_AUTOS = YES_AGGRESSIVE;
				GCC_WARN_UNUSED_FUNCTION = YES;
				GCC_WARN_UNUSED_VARIABLE = YES;
				IPHONEOS_DEPLOYMENT_TARGET = 8.0;
				LD_RUNPATH_SEARCH_PATHS = "$(inherited) ${XRT_FRAMEWORK_PATH}";
				MTL_ENABLE_DEBUG_INFO = YES;
				ONLY_ACTIVE_ARCH = NO;
				SDKROOT = iphoneos;
				SYMROOT = ../build/xcode;
				TARGETED_DEVICE_FAMILY = "1,2";
			};
			name = Debug;
		};
		A1938373D23473759172FB06 /* Debug */ = {
			isa = XCBuildConfiguration;
			baseConfigurationReference = D52C861F737D49440E8119D6 /* build.xcconfig */;
			buildSettings = {
				ASSETCATALOG_COMPILER_APPICON_NAME = AppIcon;
				DEAD_CODE_STRIPPING = NO;
				ENABLE_BITCODE = NO;
				FRAMEWORK_SEARCH_PATHS = "$(inherited)";
				INFOPLIST_FILE = WebBrowser/Info.plist;
				LD_RUNPATH_SEARCH_PATHS = "$(inherited) @executable_path/Frameworks";
				OTHER_LDFLAGS = "${XRT_OTHER_LDFLAGS}";
				PRODUCT_NAME = WebBrowser;
				STRIP_STYLE = "non-global";
				VALID_ARCHS = "armv7 arm64 i386";
			};
			name = Debug;
		};
/* End XCBuildConfiguration section */

/* Begin XCConfigurationList section */
		1FE3EDA9B770959E3E970A94 /* Build configuration list for PBXProject "WebBrowser" */ = {
			isa = XCConfigurationList;
			buildConfigurations = (
				8C181474B651600CCAB9B224 /* Debug */,
				0745F6F7BDB97B9C5D48466D /* Release */,
			);
			defaultConfigurationIsVisible = 0;
			defaultConfigurationName = Release;
		};
		B86ECC1CA441C265664304F7 /* Build configuration list for PBXNativeTarget "WebBrowser" */ = {
			isa = XCConfigurationList;
			buildConfigurations = (
				A1938373D23473759172FB06 /* Debug */,
				89629CA72D430C6B32964409 /* Release */,
			);
			defaultConfigurationIsVisible = 0;
			defaultConfigurationName = Release;
		};
/* End XCConfigurationList section */
	};
	rootObject = B00260C8A6CFDB1768026841 /* Project object */;
}
