// !$*UTF8*$!
{
	archiveVersion = 1;
	classes = {
	};
	objectVersion = 46;
	objects = {

/* Begin PBXBuildFile section */
		02A272DF7A7BA4589D49F8F7 /* MOE.framework in Frameworks */ = {isa = PBXBuildFile; fileRef = 7F2CE5D28E51372D24BC4E9C /* MOE.framework */; };
		0FD371CCA14E46D4CDD9DAFC /* ic_launcher.png in Resources */ = {isa = PBXBuildFile; fileRef = 3E53FAB858645FA36845CC35 /* ic_launcher.png */; };
		184A1AC775B0BF37A0AD7210 /* greenstar.png in Resources */ = {isa = PBXBuildFile; fileRef = 1E0306BB1F9E0DDCEF897769 /* greenstar.png */; };
		23B5E7957B1D8874523F89E5 /* LaunchScreen.xib in Resources */ = {isa = PBXBuildFile; fileRef = 3C578366E9C42ED177DA5003 /* LaunchScreen.xib */; };
		404C9B8A88CD40D4256B1560 /* redstar.png in Resources */ = {isa = PBXBuildFile; fileRef = DF7F922D36FB6D12A85254B1 /* redstar.png */; };
		55B2CDB114135FBC68532C68 /* main.cpp in Sources */ = {isa = PBXBuildFile; fileRef = 3AFDA589FBC4F028C1CB0C3C /* main.cpp */; };
		77719DA93D8F8A571A5BC13B /* dpad_up.png in Resources */ = {isa = PBXBuildFile; fileRef = 03E0A9C448AE991837E1BC1E /* dpad_up.png */; };
		8B1B23337EAC52DD38D13CA3 /* yellowstar.png in Resources */ = {isa = PBXBuildFile; fileRef = 7677CE7650E0C9B7C8605EF3 /* yellowstar.png */; };
		91F9D3C9C0D38EC30A9A7E97 /* preregister.txt in Resources */ = {isa = PBXBuildFile; fileRef = 73C36A143AF309B52ECCD852 /* preregister.txt */; };
		981108D63D3F2B914C129B8A /* intel_logo.png in Resources */ = {isa = PBXBuildFile; fileRef = 04C4CB7AC1348FBDD4ADAA79 /* intel_logo.png */; };
		A0759CA38789E7215AA49D2A /* MainUI.storyboard in Resources */ = {isa = PBXBuildFile; fileRef = 96489AE2223CE5E75143B85F /* MainUI.storyboard */; };
		B8C90B11080F4AF14E5D58DA /* dpad_left.png in Resources */ = {isa = PBXBuildFile; fileRef = CE3F041799845F34F3C12E27 /* dpad_left.png */; };
		CE20F31B1BFFB10A008C9957 /* application.jar in Resources */ = {isa = PBXBuildFile; fileRef = CE20F31A1BFFB10A008C9957 /* application.jar */; };
		DE1AB2CB2D92F5D60E927C80 /* logoForSnake.png in Resources */ = {isa = PBXBuildFile; fileRef = D6E55690E79FE33CB34DF4CC /* logoForSnake.png */; };
		EC7009ECCA7B36FA4F942D19 /* dpad_right.png in Resources */ = {isa = PBXBuildFile; fileRef = 4DFCCBFE5E3E263C29AA704B /* dpad_right.png */; };
		F738C7830DECCFC71A9A93AE /* dpad_down.png in Resources */ = {isa = PBXBuildFile; fileRef = 5575209204D40FBF3CFD1CDB /* dpad_down.png */; };
		FBB50D377B0D1CA027F08C71 /* MOE.framework in Embed Frameworks */ = {isa = PBXBuildFile; fileRef = 7F2CE5D28E51372D24BC4E9C /* MOE.framework */; settings = {ATTRIBUTES = (CodeSignOnCopy, RemoveHeadersOnCopy, ); }; };
/* End PBXBuildFile section */

/* Begin PBXCopyFilesBuildPhase section */
		056450D5CE3ABCECB94E4A2C /* Embed Frameworks */ = {
			isa = PBXCopyFilesBuildPhase;
			buildActionMask = 2147483647;
			dstPath = "";
			dstSubfolderSpec = 10;
			files = (
				FBB50D377B0D1CA027F08C71 /* MOE.framework in Embed Frameworks */,
			);
			name = "Embed Frameworks";
			runOnlyForDeploymentPostprocessing = 0;
		};
/* End PBXCopyFilesBuildPhase section */

/* Begin PBXFileReference section */
		03E0A9C448AE991837E1BC1E /* dpad_up.png */ = {isa = PBXFileReference; lastKnownFileType = image.png; name = dpad_up.png; path = ../src/main/resources/dpad_up.png; sourceTree = "<group>"; };
		04C4CB7AC1348FBDD4ADAA79 /* intel_logo.png */ = {isa = PBXFileReference; lastKnownFileType = image.png; name = intel_logo.png; path = ../src/main/resources/intel_logo.png; sourceTree = "<group>"; };
		12BB79F0EFE41D7C0DA6F4CC /* Snake.app */ = {isa = PBXFileReference; explicitFileType = wrapper.application; path = Snake.app; sourceTree = BUILT_PRODUCTS_DIR; };
		1E0306BB1F9E0DDCEF897769 /* greenstar.png */ = {isa = PBXFileReference; lastKnownFileType = image.png; name = greenstar.png; path = ../src/main/resources/greenstar.png; sourceTree = "<group>"; };
		2ECE3BC64484795FF59679D4 /* Info.plist */ = {isa = PBXFileReference; lastKnownFileType = text.plist.xml; path = Info.plist; sourceTree = "<group>"; };
		3AFDA589FBC4F028C1CB0C3C /* main.cpp */ = {isa = PBXFileReference; lastKnownFileType = sourcecode.cpp.cpp; path = main.cpp; sourceTree = "<group>"; };
		3C578366E9C42ED177DA5003 /* LaunchScreen.xib */ = {isa = PBXFileReference; lastKnownFileType = file.xib; name = LaunchScreen.xib; path = ../src/main/resources/LaunchScreen.xib; sourceTree = "<group>"; };
		3E53FAB858645FA36845CC35 /* ic_launcher.png */ = {isa = PBXFileReference; lastKnownFileType = image.png; name = ic_launcher.png; path = ../src/main/resources/ic_launcher.png; sourceTree = "<group>"; };
		4DFCCBFE5E3E263C29AA704B /* dpad_right.png */ = {isa = PBXFileReference; lastKnownFileType = image.png; name = dpad_right.png; path = ../src/main/resources/dpad_right.png; sourceTree = "<group>"; };
		5575209204D40FBF3CFD1CDB /* dpad_down.png */ = {isa = PBXFileReference; lastKnownFileType = image.png; name = dpad_down.png; path = ../src/main/resources/dpad_down.png; sourceTree = "<group>"; };
		73C36A143AF309B52ECCD852 /* preregister.txt */ = {isa = PBXFileReference; lastKnownFileType = text; path = preregister.txt; sourceTree = "<group>"; };
		7677CE7650E0C9B7C8605EF3 /* yellowstar.png */ = {isa = PBXFileReference; lastKnownFileType = image.png; name = yellowstar.png; path = ../src/main/resources/yellowstar.png; sourceTree = "<group>"; };
		7F2CE5D28E51372D24BC4E9C /* MOE.framework */ = {isa = PBXFileReference; lastKnownFileType = wrapper.framework; path = MOE.framework; sourceTree = XRT_FRAMEWORK_PATH; };
		96489AE2223CE5E75143B85F /* MainUI.storyboard */ = {isa = PBXFileReference; lastKnownFileType = file.storyboard; name = MainUI.storyboard; path = ../src/main/resources/MainUI.storyboard; sourceTree = "<group>"; };
		CE20F31A1BFFB10A008C9957 /* application.jar */ = {isa = PBXFileReference; lastKnownFileType = archive.jar; name = application.jar; path = ../build/application.jar; sourceTree = "<group>"; };
		CE3F041799845F34F3C12E27 /* dpad_left.png */ = {isa = PBXFileReference; lastKnownFileType = image.png; name = dpad_left.png; path = ../src/main/resources/dpad_left.png; sourceTree = "<group>"; };
		D6E55690E79FE33CB34DF4CC /* logoForSnake.png */ = {isa = PBXFileReference; lastKnownFileType = image.png; name = logoForSnake.png; path = ../src/main/resources/logoForSnake.png; sourceTree = "<group>"; };
		DF7F922D36FB6D12A85254B1 /* redstar.png */ = {isa = PBXFileReference; lastKnownFileType = image.png; name = redstar.png; path = ../src/main/resources/redstar.png; sourceTree = "<group>"; };
		E299166939304834C964AA44 /* build.xcconfig */ = {isa = PBXFileReference; lastKnownFileType = text.xcconfig; path = build.xcconfig; sourceTree = "<group>"; };
/* End PBXFileReference section */

/* Begin PBXFrameworksBuildPhase section */
		471CEE02263FE4612D11DCF5 /* Frameworks */ = {
			isa = PBXFrameworksBuildPhase;
			buildActionMask = 2147483647;
			files = (
				02A272DF7A7BA4589D49F8F7 /* MOE.framework in Frameworks */,
			);
			runOnlyForDeploymentPostprocessing = 0;
		};
/* End PBXFrameworksBuildPhase section */

/* Begin PBXGroup section */
		364F80AA9ACF4B6E4DC0FF03 /* Resources */ = {
			isa = PBXGroup;
			children = (
				CE20F31A1BFFB10A008C9957 /* application.jar */,
				12BB79F0EFE41D7C0DA6F4CC /* Snake.app */,
				D6E55690E79FE33CB34DF4CC /* logoForSnake.png */,
				5575209204D40FBF3CFD1CDB /* dpad_down.png */,
				CE3F041799845F34F3C12E27 /* dpad_left.png */,
				3C578366E9C42ED177DA5003 /* LaunchScreen.xib */,
				1E0306BB1F9E0DDCEF897769 /* greenstar.png */,
				4DFCCBFE5E3E263C29AA704B /* dpad_right.png */,
				7677CE7650E0C9B7C8605EF3 /* yellowstar.png */,
				04C4CB7AC1348FBDD4ADAA79 /* intel_logo.png */,
				96489AE2223CE5E75143B85F /* MainUI.storyboard */,
				DF7F922D36FB6D12A85254B1 /* redstar.png */,
				3E53FAB858645FA36845CC35 /* ic_launcher.png */,
				03E0A9C448AE991837E1BC1E /* dpad_up.png */,
			);
			name = Resources;
			sourceTree = "<group>";
		};
		3C9378EDA72C7CE2B9327DC4 /* Supporting Files */ = {
			isa = PBXGroup;
			children = (
				E299166939304834C964AA44 /* build.xcconfig */,
				3AFDA589FBC4F028C1CB0C3C /* main.cpp */,
				2ECE3BC64484795FF59679D4 /* Info.plist */,
				73C36A143AF309B52ECCD852 /* preregister.txt */,
			);
			name = "Supporting Files";
			sourceTree = "<group>";
		};
		56902F8F553A066924ABDD64 /* Frameworks */ = {
			isa = PBXGroup;
			children = (
				7F2CE5D28E51372D24BC4E9C /* MOE.framework */,
			);
			name = Frameworks;
			sourceTree = "<group>";
		};
		6108A6AB6ED4F76036B31F1A /* Snake */ = {
			isa = PBXGroup;
			children = (
				3C9378EDA72C7CE2B9327DC4 /* Supporting Files */,
			);
			path = Snake;
			sourceTree = "<group>";
		};
		D2FFD2C026EE2440A524FF9E = {
			isa = PBXGroup;
			children = (
				6108A6AB6ED4F76036B31F1A /* Snake */,
				56902F8F553A066924ABDD64 /* Frameworks */,
				364F80AA9ACF4B6E4DC0FF03 /* Resources */,
			);
			sourceTree = "<group>";
		};
/* End PBXGroup section */

/* Begin PBXNativeTarget section */
		7D798F8E76031E9C3653E8AA /* Snake */ = {
			isa = PBXNativeTarget;
			buildConfigurationList = 5BA0B6E61E67B2F0C99F69DF /* Build configuration list for PBXNativeTarget "Snake" */;
			buildPhases = (
				51654BCF74349C1883804353 /* Compile Java Sources */,
				471CEE02263FE4612D11DCF5 /* Frameworks */,
				C64BCB6748B9ADDDF3764010 /* Resources */,
				587535C1888F454E15A4A09A /* Sources */,
				056450D5CE3ABCECB94E4A2C /* Embed Frameworks */,
			);
			buildRules = (
			);
			name = Snake;
			productName = Snake;
			productReference = 12BB79F0EFE41D7C0DA6F4CC /* Snake.app */;
			productType = "com.apple.product-type.application";
		};
/* End PBXNativeTarget section */

/* Begin PBXProject section */
		92217DD5E1CADD6875A9DEF6 /* Project object */ = {
			isa = PBXProject;
			attributes = {
				ORGANIZATIONNAME = intel;
			};
			buildConfigurationList = 20F619BDE62B43FD99B13EEB /* Build configuration list for PBXProject "Snake" */;
			compatibilityVersion = "Xcode 3.2";
			developmentRegion = English;
			hasScannedForEncodings = 0;
			knownRegions = (
				en,
				Base,
			);
			mainGroup = D2FFD2C026EE2440A524FF9E;
			productRefGroup = 364F80AA9ACF4B6E4DC0FF03 /* Resources */;
			projectDirPath = "";
			projectRoot = "";
			targets = (
				7D798F8E76031E9C3653E8AA /* Snake */,
			);
		};
/* End PBXProject section */

/* Begin PBXResourcesBuildPhase section */
		C64BCB6748B9ADDDF3764010 /* Resources */ = {
			isa = PBXResourcesBuildPhase;
			buildActionMask = 2147483647;
			files = (
				CE20F31B1BFFB10A008C9957 /* application.jar in Resources */,
				91F9D3C9C0D38EC30A9A7E97 /* preregister.txt in Resources */,
				DE1AB2CB2D92F5D60E927C80 /* logoForSnake.png in Resources */,
				F738C7830DECCFC71A9A93AE /* dpad_down.png in Resources */,
				B8C90B11080F4AF14E5D58DA /* dpad_left.png in Resources */,
				23B5E7957B1D8874523F89E5 /* LaunchScreen.xib in Resources */,
				184A1AC775B0BF37A0AD7210 /* greenstar.png in Resources */,
				EC7009ECCA7B36FA4F942D19 /* dpad_right.png in Resources */,
				8B1B23337EAC52DD38D13CA3 /* yellowstar.png in Resources */,
				981108D63D3F2B914C129B8A /* intel_logo.png in Resources */,
				A0759CA38789E7215AA49D2A /* MainUI.storyboard in Resources */,
				404C9B8A88CD40D4256B1560 /* redstar.png in Resources */,
				0FD371CCA14E46D4CDD9DAFC /* ic_launcher.png in Resources */,
				77719DA93D8F8A571A5BC13B /* dpad_up.png in Resources */,
			);
			runOnlyForDeploymentPostprocessing = 0;
		};
/* End PBXResourcesBuildPhase section */

/* Begin PBXShellScriptBuildPhase section */
		51654BCF74349C1883804353 /* Compile Java Sources */ = {
			isa = PBXShellScriptBuildPhase;
			buildActionMask = 2147483647;
			files = (
			);
			inputPaths = (
			);
			name = "Compile Java Sources";
			outputPaths = (
			);
			runOnlyForDeploymentPostprocessing = 0;
			shellPath = /bin/bash;
			shellScript = "cd ../\n\nexport JAVA_HOME=$(/usr/libexec/java_home -v 1.8)\njava -version\n\nfunction gradlePath {\n\tCD=\"$PWD\"\n\twhile [ \"$CD\" != \"\" ]; do\n\t\tif [ -x \"$CD/gradlew\" ]; then\n\t\t\tGRADLE_PATH=$CD/gradlew\n\t\t\treturn 0\n\t\tfi\n\t\tCD=\"${CD%/*}\"\n\tdone\n\n\tGRADLE_PATH=$(which 'gradle')\n\n\tif [ \"$GRADLE_PATH\" = \"\" ]; then\n\t\tGRADLE_PATH=/usr/local/bin/gradle\n\tfi\n}\ngradlePath\n\nif [ \"$XRT_SKIP_DEX\" == \"Yes\" ]; then\n\techo \"Compiling ART only...\"\n\t\"$GRADLE_PATH\" --daemon buildArtOat -Pxrt.archs=${arch}\n\texit\nfi\n\n\"$GRADLE_PATH\" --daemon compileJava proguard resPack buildRetro buildDex buildArtOat buildPreregister -Pxrt.archs=\"${ARCHS}\"\n";
			showEnvVarsInLog = 0;
		};
/* End PBXShellScriptBuildPhase section */

/* Begin PBXSourcesBuildPhase section */
		587535C1888F454E15A4A09A /* Sources */ = {
			isa = PBXSourcesBuildPhase;
			buildActionMask = 2147483647;
			files = (
				55B2CDB114135FBC68532C68 /* main.cpp in Sources */,
			);
			runOnlyForDeploymentPostprocessing = 0;
		};
/* End PBXSourcesBuildPhase section */

/* Begin XCBuildConfiguration section */
		49AB9EF411F4C5691B16887C /* Debug */ = {
			isa = XCBuildConfiguration;
			baseConfigurationReference = E299166939304834C964AA44 /* build.xcconfig */;
			buildSettings = {
				ASSETCATALOG_COMPILER_APPICON_NAME = AppIcon;
				DEAD_CODE_STRIPPING = NO;
				ENABLE_BITCODE = NO;
				FRAMEWORK_SEARCH_PATHS = "$(inherited)";
				INFOPLIST_FILE = Snake/Info.plist;
				LD_RUNPATH_SEARCH_PATHS = "$(inherited) @executable_path/Frameworks";
				OTHER_LDFLAGS = "${XRT_OTHER_LDFLAGS}";
				PRODUCT_NAME = Snake;
				STRIP_STYLE = "non-global";
				VALID_ARCHS = "armv7 arm64 i386";
			};
			name = Debug;
		};
		7A4BB33236E83AAE84F65ED3 /* Debug */ = {
			isa = XCBuildConfiguration;
			baseConfigurationReference = E299166939304834C964AA44 /* build.xcconfig */;
			buildSettings = {
				ALWAYS_SEARCH_USER_PATHS = NO;
				CLANG_CXX_LANGUAGE_STANDARD = "gnu++0x";
				CLANG_CXX_LIBRARY = "libc++";
				CLANG_ENABLE_MODULES = YES;
				CLANG_ENABLE_OBJC_ARC = YES;
				CLANG_WARN_BOOL_CONVERSION = YES;
				CLANG_WARN_CONSTANT_CONVERSION = YES;
				CLANG_WARN_DIRECT_OBJC_ISA_USAGE = YES_ERROR;
				CLANG_WARN_EMPTY_BODY = YES;
				CLANG_WARN_ENUM_CONVERSION = YES;
				CLANG_WARN_INT_CONVERSION = YES;
				CLANG_WARN_OBJC_ROOT_CLASS = YES_ERROR;
				CLANG_WARN_UNREACHABLE_CODE = YES;
				CLANG_WARN__DUPLICATE_METHOD_MATCH = YES;
				CODE_SIGN_IDENTITY = "iPhone Developer";
				COPY_PHASE_STRIP = NO;
				ENABLE_STRICT_OBJC_MSGSEND = YES;
				FRAMEWORK_SEARCH_PATHS = (
					"$(inherited)",
					"${XRT_FRAMEWORK_PATH}",
				);
				GCC_C_LANGUAGE_STANDARD = gnu99;
				GCC_DYNAMIC_NO_PIC = YES;
				GCC_OPTIMIZATION_LEVEL = 0;
				GCC_PREPROCESSOR_DEFINITIONS = (
					"DEBUG=1",
					"$(inherited)",
				);
				GCC_SYMBOLS_PRIVATE_EXTERN = NO;
				GCC_WARN_64_TO_32_BIT_CONVERSION = YES;
				GCC_WARN_ABOUT_RETURN_TYPE = YES_ERROR;
				GCC_WARN_UNDECLARED_SELECTOR = YES;
				GCC_WARN_UNINITIALIZED_AUTOS = YES_AGGRESSIVE;
				GCC_WARN_UNUSED_FUNCTION = YES;
				GCC_WARN_UNUSED_VARIABLE = YES;
				IPHONEOS_DEPLOYMENT_TARGET = 8.0;
				LD_RUNPATH_SEARCH_PATHS = "$(inherited) ${XRT_FRAMEWORK_PATH}";
				MTL_ENABLE_DEBUG_INFO = YES;
				ONLY_ACTIVE_ARCH = NO;
				SDKROOT = iphoneos;
				SYMROOT = ../build/xcode;
				TARGETED_DEVICE_FAMILY = "1,2";
			};
			name = Debug;
		};
		A025E436FD5CC84724DC959D /* Release */ = {
			isa = XCBuildConfiguration;
			baseConfigurationReference = E299166939304834C964AA44 /* build.xcconfig */;
			buildSettings = {
				ALWAYS_SEARCH_USER_PATHS = NO;
				CLANG_CXX_LANGUAGE_STANDARD = "gnu++0x";
				CLANG_CXX_LIBRARY = "libc++";
				CLANG_ENABLE_MODULES = YES;
				CLANG_ENABLE_OBJC_ARC = YES;
				CLANG_WARN_BOOL_CONVERSION = YES;
				CLANG_WARN_CONSTANT_CONVERSION = YES;
				CLANG_WARN_DIRECT_OBJC_ISA_USAGE = YES_ERROR;
				CLANG_WARN_EMPTY_BODY = YES;
				CLANG_WARN_ENUM_CONVERSION = YES;
				CLANG_WARN_INT_CONVERSION = YES;
				CLANG_WARN_OBJC_ROOT_CLASS = YES_ERROR;
				CLANG_WARN_UNREACHABLE_CODE = YES;
				CLANG_WARN__DUPLICATE_METHOD_MATCH = YES;
				CODE_SIGN_IDENTITY = "iPhone Developer";
				COPY_PHASE_STRIP = NO;
				ENABLE_STRICT_OBJC_MSGSEND = YES;
				FRAMEWORK_SEARCH_PATHS = (
					"$(inherited)",
					"${XRT_FRAMEWORK_PATH}",
				);
				GCC_C_LANGUAGE_STANDARD = gnu99;
				GCC_DYNAMIC_NO_PIC = YES;
				GCC_OPTIMIZATION_LEVEL = 0;
				GCC_PREPROCESSOR_DEFINITIONS = (
					"DEBUG=1",
					"$(inherited)",
				);
				GCC_SYMBOLS_PRIVATE_EXTERN = NO;
				GCC_WARN_64_TO_32_BIT_CONVERSION = YES;
				GCC_WARN_ABOUT_RETURN_TYPE = YES_ERROR;
				GCC_WARN_UNDECLARED_SELECTOR = YES;
				GCC_WARN_UNINITIALIZED_AUTOS = YES_AGGRESSIVE;
				GCC_WARN_UNUSED_FUNCTION = YES;
				GCC_WARN_UNUSED_VARIABLE = YES;
				IPHONEOS_DEPLOYMENT_TARGET = 8.0;
				LD_RUNPATH_SEARCH_PATHS = "$(inherited) ${XRT_FRAMEWORK_PATH}";
				MTL_ENABLE_DEBUG_INFO = YES;
				ONLY_ACTIVE_ARCH = NO;
				SDKROOT = iphoneos;
				SYMROOT = ../build/xcode;
				TARGETED_DEVICE_FAMILY = "1,2";
			};
			name = Release;
		};
		E2CAFDB4E059D1E5553A083E /* Release */ = {
			isa = XCBuildConfiguration;
			baseConfigurationReference = E299166939304834C964AA44 /* build.xcconfig */;
			buildSettings = {
				ASSETCATALOG_COMPILER_APPICON_NAME = AppIcon;
				DEAD_CODE_STRIPPING = NO;
				ENABLE_BITCODE = NO;
				FRAMEWORK_SEARCH_PATHS = "$(inherited)";
				INFOPLIST_FILE = Snake/Info.plist;
				LD_RUNPATH_SEARCH_PATHS = "$(inherited) @executable_path/Frameworks";
				OTHER_LDFLAGS = "${XRT_OTHER_LDFLAGS}";
				PRODUCT_NAME = Snake;
				STRIP_STYLE = "non-global";
				VALID_ARCHS = "armv7 arm64 i386";
			};
			name = Release;
		};
/* End XCBuildConfiguration section */

/* Begin XCConfigurationList section */
		20F619BDE62B43FD99B13EEB /* Build configuration list for PBXProject "Snake" */ = {
			isa = XCConfigurationList;
			buildConfigurations = (
				7A4BB33236E83AAE84F65ED3 /* Debug */,
				A025E436FD5CC84724DC959D /* Release */,
			);
			defaultConfigurationIsVisible = 0;
			defaultConfigurationName = Release;
		};
		5BA0B6E61E67B2F0C99F69DF /* Build configuration list for PBXNativeTarget "Snake" */ = {
			isa = XCConfigurationList;
			buildConfigurations = (
				49AB9EF411F4C5691B16887C /* Debug */,
				E2CAFDB4E059D1E5553A083E /* Release */,
			);
			defaultConfigurationIsVisible = 0;
			defaultConfigurationName = Release;
		};
/* End XCConfigurationList section */
	};
	rootObject = 92217DD5E1CADD6875A9DEF6 /* Project object */;
}
