// !$*UTF8*$!
{
	archiveVersion = 1;
	classes = {
	};
	objectVersion = 46;
	objects = {

/* Begin PBXBuildFile section */
		3626C105CFFBCD6FF556FFBC /* main.cpp in Sources */ = {isa = PBXBuildFile; fileRef = 88C4D8AF410A3ED0C020A548 /* main.cpp */; };
		4CD5E963F2949787F5C81A88 /* MOE.framework in Frameworks */ = {isa = PBXBuildFile; fileRef = 06F46A0F7F2D6EA94C91FBD2 /* MOE.framework */; };
		54BA315C42F5F6140754E9D3 /* MainUI.storyboard in Resources */ = {isa = PBXBuildFile; fileRef = DB5EFE12C54F5B971DD9D902 /* MainUI.storyboard */; };
		A60D7554995407AE51F3E86B /* preregister.txt in Resources */ = {isa = PBXBuildFile; fileRef = EDFD3BF6EF7FFE38BCA90EBA /* preregister.txt */; };
		B49B251E4643DECF57B701EA /* intel_logo.png in Resources */ = {isa = PBXBuildFile; fileRef = BDB4031B06D8C1EC4715FE39 /* intel_logo.png */; };
		C4B59288D7D7E5C11DB55A29 /* Placeholder.png in Resources */ = {isa = PBXBuildFile; fileRef = E1E2B90C2398D365C1BFC3A3 /* Placeholder.png */; };
		CE9573421B90524000D0EA82 /* intel_logo.png in Resources */ = {isa = PBXBuildFile; fileRef = CE9573401B90524000D0EA82 /* intel_logo.png */; };
		CE9573431B90524000D0EA82 /* LaunchScreen.xib in Resources */ = {isa = PBXBuildFile; fileRef = CE9573411B90524000D0EA82 /* LaunchScreen.xib */; };
		CE9574451BFFAEDA003F56FC /* application.jar in Resources */ = {isa = PBXBuildFile; fileRef = CE9574441BFFAEDA003F56FC /* application.jar */; };
		D11B281EC8D8281C3F943CD6 /* MOE.framework in Embed Frameworks */ = {isa = PBXBuildFile; fileRef = 06F46A0F7F2D6EA94C91FBD2 /* MOE.framework */; settings = {ATTRIBUTES = (CodeSignOnCopy, RemoveHeadersOnCopy, ); }; };
		EB517CCCD1D269754645B766 /* LaunchScreen.xib in Resources */ = {isa = PBXBuildFile; fileRef = 609F22067A4CBFBD55AD0B3B /* LaunchScreen.xib */; };
		EFBFC98E6709DE1903AC2BB0 /* Placeholder@2x.png in Resources */ = {isa = PBXBuildFile; fileRef = 51A57F785C8776A4FB47A567 /* Placeholder@2x.png */; };
/* End PBXBuildFile section */

/* Begin PBXCopyFilesBuildPhase section */
		501B6699170C3FE3CB1F7C13 /* Embed Frameworks */ = {
			isa = PBXCopyFilesBuildPhase;
			buildActionMask = 2147483647;
			dstPath = "";
			dstSubfolderSpec = 10;
			files = (
				D11B281EC8D8281C3F943CD6 /* MOE.framework in Embed Frameworks */,
			);
			name = "Embed Frameworks";
			runOnlyForDeploymentPostprocessing = 0;
		};
/* End PBXCopyFilesBuildPhase section */

/* Begin PBXFileReference section */
		06F46A0F7F2D6EA94C91FBD2 /* MOE.framework */ = {isa = PBXFileReference; lastKnownFileType = wrapper.framework; path = MOE.framework; sourceTree = XRT_FRAMEWORK_PATH; };
		51A57F785C8776A4FB47A567 /* Placeholder@2x.png */ = {isa = PBXFileReference; lastKnownFileType = image.png; name = "Placeholder@2x.png"; path = "../src/main/resources/Images.xcassets/Placeholder.imageset/Placeholder@2x.png"; sourceTree = "<group>"; };
		5A2493C4C02CD02571902233 /* LazyTableLoader.app */ = {isa = PBXFileReference; explicitFileType = wrapper.application; path = LazyTableLoader.app; sourceTree = BUILT_PRODUCTS_DIR; };
		609F22067A4CBFBD55AD0B3B /* LaunchScreen.xib */ = {isa = PBXFileReference; lastKnownFileType = file.xib; name = LaunchScreen.xib; path = ../src/main/resources/LaunchScreen.xib; sourceTree = "<group>"; };
		88C4D8AF410A3ED0C020A548 /* main.cpp */ = {isa = PBXFileReference; lastKnownFileType = sourcecode.cpp.cpp; path = main.cpp; sourceTree = "<group>"; };
		BDB4031B06D8C1EC4715FE39 /* intel_logo.png */ = {isa = PBXFileReference; lastKnownFileType = image.png; name = intel_logo.png; path = ../src/main/resources/intel_logo.png; sourceTree = "<group>"; };
		BE62D3A6BD6EA42037236F29 /* build.xcconfig */ = {isa = PBXFileReference; lastKnownFileType = text.xcconfig; path = build.xcconfig; sourceTree = "<group>"; };
		CE9573401B90524000D0EA82 /* intel_logo.png */ = {isa = PBXFileReference; lastKnownFileType = image.png; name = intel_logo.png; path = ../src/main/resources/intel_logo.png; sourceTree = "<group>"; };
		CE9573411B90524000D0EA82 /* LaunchScreen.xib */ = {isa = PBXFileReference; lastKnownFileType = file.xib; name = LaunchScreen.xib; path = ../src/main/resources/LaunchScreen.xib; sourceTree = "<group>"; };
		CE9574441BFFAEDA003F56FC /* application.jar */ = {isa = PBXFileReference; lastKnownFileType = archive.jar; name = application.jar; path = ../build/application.jar; sourceTree = "<group>"; };
		DA934929E48CB286B6C70B52 /* Info.plist */ = {isa = PBXFileReference; lastKnownFileType = text.plist.xml; path = Info.plist; sourceTree = "<group>"; };
		DB5EFE12C54F5B971DD9D902 /* MainUI.storyboard */ = {isa = PBXFileReference; lastKnownFileType = file.storyboard; name = MainUI.storyboard; path = ../src/main/resources/MainUI.storyboard; sourceTree = "<group>"; };
		E1E2B90C2398D365C1BFC3A3 /* Placeholder.png */ = {isa = PBXFileReference; lastKnownFileType = image.png; name = Placeholder.png; path = ../src/main/resources/Images.xcassets/Placeholder.imageset/Placeholder.png; sourceTree = "<group>"; };
		EDFD3BF6EF7FFE38BCA90EBA /* preregister.txt */ = {isa = PBXFileReference; lastKnownFileType = text; path = preregister.txt; sourceTree = "<group>"; };
/* End PBXFileReference section */

/* Begin PBXFrameworksBuildPhase section */
		5B390398B41819FBAD3FDF4A /* Frameworks */ = {
			isa = PBXFrameworksBuildPhase;
			buildActionMask = 2147483647;
			files = (
				4CD5E963F2949787F5C81A88 /* MOE.framework in Frameworks */,
			);
			runOnlyForDeploymentPostprocessing = 0;
		};
/* End PBXFrameworksBuildPhase section */

/* Begin PBXGroup section */
		83FED26FA13EB0019DC4031D /* Frameworks */ = {
			isa = PBXGroup;
			children = (
				06F46A0F7F2D6EA94C91FBD2 /* MOE.framework */,
			);
			name = Frameworks;
			sourceTree = "<group>";
		};
		B41B29AC2C63083F4FAB81CC /* LazyTableLoader */ = {
			isa = PBXGroup;
			children = (
				EE359206FD33BC881AE54F1B /* Supporting Files */,
			);
			path = LazyTableLoader;
			sourceTree = "<group>";
		};
		D71F791D791F0E3673A239AA = {
			isa = PBXGroup;
			children = (
				B41B29AC2C63083F4FAB81CC /* LazyTableLoader */,
				83FED26FA13EB0019DC4031D /* Frameworks */,
				E8F69B6733275C754C601581 /* Resources */,
			);
			sourceTree = "<group>";
		};
		E8F69B6733275C754C601581 /* Resources */ = {
			isa = PBXGroup;
			children = (
				CE9574441BFFAEDA003F56FC /* application.jar */,
				CE9573401B90524000D0EA82 /* intel_logo.png */,
				CE9573411B90524000D0EA82 /* LaunchScreen.xib */,
				5A2493C4C02CD02571902233 /* LazyTableLoader.app */,
				E1E2B90C2398D365C1BFC3A3 /* Placeholder.png */,
				51A57F785C8776A4FB47A567 /* Placeholder@2x.png */,
				DB5EFE12C54F5B971DD9D902 /* MainUI.storyboard */,
				609F22067A4CBFBD55AD0B3B /* LaunchScreen.xib */,
				BDB4031B06D8C1EC4715FE39 /* intel_logo.png */,
			);
			name = Resources;
			sourceTree = "<group>";
		};
		EE359206FD33BC881AE54F1B /* Supporting Files */ = {
			isa = PBXGroup;
			children = (
				BE62D3A6BD6EA42037236F29 /* build.xcconfig */,
				88C4D8AF410A3ED0C020A548 /* main.cpp */,
				DA934929E48CB286B6C70B52 /* Info.plist */,
				EDFD3BF6EF7FFE38BCA90EBA /* preregister.txt */,
			);
			name = "Supporting Files";
			sourceTree = "<group>";
		};
/* End PBXGroup section */

/* Begin PBXNativeTarget section */
		ED645E16E9056A3F01623FF2 /* LazyTableLoader */ = {
			isa = PBXNativeTarget;
			buildConfigurationList = 9334A5EF8731DAE1F50A307C /* Build configuration list for PBXNativeTarget "LazyTableLoader" */;
			buildPhases = (
				8E2887E6E5B134BF6CCF1653 /* Compile Java Sources */,
				5B390398B41819FBAD3FDF4A /* Frameworks */,
				4D65F878102DF7D89286C10F /* Resources */,
				EAD4DDC48ED56CBBB0FE197D /* Sources */,
				501B6699170C3FE3CB1F7C13 /* Embed Frameworks */,
			);
			buildRules = (
			);
			name = LazyTableLoader;
			productName = LazyTableLoader;
			productReference = 5A2493C4C02CD02571902233 /* LazyTableLoader.app */;
			productType = "com.apple.product-type.application";
		};
/* End PBXNativeTarget section */

/* Begin PBXProject section */
		27B7D29047AB20BC7415AAB5 /* Project object */ = {
			isa = PBXProject;
			attributes = {
				ORGANIZATIONNAME = intel;
			};
			buildConfigurationList = 3E180C42E77C2BBE351B5064 /* Build configuration list for PBXProject "LazyTableLoader" */;
			compatibilityVersion = "Xcode 3.2";
			developmentRegion = English;
			hasScannedForEncodings = 0;
			knownRegions = (
				en,
				Base,
			);
			mainGroup = D71F791D791F0E3673A239AA;
			productRefGroup = E8F69B6733275C754C601581 /* Resources */;
			projectDirPath = "";
			projectRoot = "";
			targets = (
				ED645E16E9056A3F01623FF2 /* LazyTableLoader */,
			);
		};
/* End PBXProject section */

/* Begin PBXResourcesBuildPhase section */
		4D65F878102DF7D89286C10F /* Resources */ = {
			isa = PBXResourcesBuildPhase;
			buildActionMask = 2147483647;
			files = (
				CE9574451BFFAEDA003F56FC /* application.jar in Resources */,
				CE9573421B90524000D0EA82 /* intel_logo.png in Resources */,
				CE9573431B90524000D0EA82 /* LaunchScreen.xib in Resources */,
				A60D7554995407AE51F3E86B /* preregister.txt in Resources */,
				C4B59288D7D7E5C11DB55A29 /* Placeholder.png in Resources */,
				EFBFC98E6709DE1903AC2BB0 /* Placeholder@2x.png in Resources */,
				54BA315C42F5F6140754E9D3 /* MainUI.storyboard in Resources */,
				EB517CCCD1D269754645B766 /* LaunchScreen.xib in Resources */,
				B49B251E4643DECF57B701EA /* intel_logo.png in Resources */,
			);
			runOnlyForDeploymentPostprocessing = 0;
		};
/* End PBXResourcesBuildPhase section */

/* Begin PBXShellScriptBuildPhase section */
		8E2887E6E5B134BF6CCF1653 /* Compile Java Sources */ = {
			isa = PBXShellScriptBuildPhase;
			buildActionMask = 2147483647;
			files = (
			);
			inputPaths = (
			);
			name = "Compile Java Sources";
			outputPaths = (
			);
			runOnlyForDeploymentPostprocessing = 0;
			shellPath = /bin/bash;
			shellScript = "cd ../\n\nexport JAVA_HOME=$(/usr/libexec/java_home -v 1.8)\njava -version\n\nfunction gradlePath {\n\tCD=\"$PWD\"\n\twhile [ \"$CD\" != \"\" ]; do\n\t\tif [ -x \"$CD/gradlew\" ]; then\n\t\t\tGRADLE_PATH=$CD/gradlew\n\t\t\treturn 0\n\t\tfi\n\t\tCD=\"${CD%/*}\"\n\tdone\n\n\tGRADLE_PATH=$(which 'gradle')\n\n\tif [ \"$GRADLE_PATH\" = \"\" ]; then\n\t\tGRADLE_PATH=/usr/local/bin/gradle\n\tfi\n}\ngradlePath\n\nif [ \"$XRT_SKIP_DEX\" == \"Yes\" ]; then\n\techo \"Compiling ART only...\"\n\t\"$GRADLE_PATH\" --daemon buildArtOat -Pxrt.archs=${arch}\n\texit\nfi\n\n\"$GRADLE_PATH\" --daemon compileJava proguard resPack buildRetro buildDex buildArtOat buildPreregister -Pxrt.archs=\"${ARCHS}\"\n";
			showEnvVarsInLog = 0;
		};
/* End PBXShellScriptBuildPhase section */

/* Begin PBXSourcesBuildPhase section */
		EAD4DDC48ED56CBBB0FE197D /* Sources */ = {
			isa = PBXSourcesBuildPhase;
			buildActionMask = 2147483647;
			files = (
				3626C105CFFBCD6FF556FFBC /* main.cpp in Sources */,
			);
			runOnlyForDeploymentPostprocessing = 0;
		};
/* End PBXSourcesBuildPhase section */

/* Begin XCBuildConfiguration section */
		0646E2A26F7A36678DAB9B9B /* Debug */ = {
			isa = XCBuildConfiguration;
			baseConfigurationReference = BE62D3A6BD6EA42037236F29 /* build.xcconfig */;
			buildSettings = {
				ASSETCATALOG_COMPILER_APPICON_NAME = AppIcon;
				DEAD_CODE_STRIPPING = NO;
				ENABLE_BITCODE = NO;
				FRAMEWORK_SEARCH_PATHS = "$(inherited)";
				INFOPLIST_FILE = LazyTableLoader/Info.plist;
				LD_RUNPATH_SEARCH_PATHS = "$(inherited) @executable_path/Frameworks";
				OTHER_LDFLAGS = "${XRT_OTHER_LDFLAGS}";
				PRODUCT_NAME = LazyTableLoader;
				STRIP_STYLE = "non-global";
				VALID_ARCHS = "armv7 arm64 i386";
			};
			name = Debug;
		};
		1BAC6DF47EF9E7E11EB2E370 /* Debug */ = {
			isa = XCBuildConfiguration;
			baseConfigurationReference = BE62D3A6BD6EA42037236F29 /* build.xcconfig */;
			buildSettings = {
				ALWAYS_SEARCH_USER_PATHS = NO;
				CLANG_CXX_LANGUAGE_STANDARD = "gnu++0x";
				CLANG_CXX_LIBRARY = "libc++";
				CLANG_ENABLE_MODULES = YES;
				CLANG_ENABLE_OBJC_ARC = YES;
				CLANG_WARN_BOOL_CONVERSION = YES;
				CLANG_WARN_CONSTANT_CONVERSION = YES;
				CLANG_WARN_DIRECT_OBJC_ISA_USAGE = YES_ERROR;
				CLANG_WARN_EMPTY_BODY = YES;
				CLANG_WARN_ENUM_CONVERSION = YES;
				CLANG_WARN_INT_CONVERSION = YES;
				CLANG_WARN_OBJC_ROOT_CLASS = YES_ERROR;
				CLANG_WARN_UNREACHABLE_CODE = YES;
				CLANG_WARN__DUPLICATE_METHOD_MATCH = YES;
				CODE_SIGN_IDENTITY = "iPhone Developer";
				COPY_PHASE_STRIP = NO;
				ENABLE_STRICT_OBJC_MSGSEND = YES;
				FRAMEWORK_SEARCH_PATHS = (
					"$(inherited)",
					"${XRT_FRAMEWORK_PATH}",
				);
				GCC_C_LANGUAGE_STANDARD = gnu99;
				GCC_DYNAMIC_NO_PIC = YES;
				GCC_OPTIMIZATION_LEVEL = 0;
				GCC_PREPROCESSOR_DEFINITIONS = (
					"DEBUG=1",
					"$(inherited)",
				);
				GCC_SYMBOLS_PRIVATE_EXTERN = NO;
				GCC_WARN_64_TO_32_BIT_CONVERSION = YES;
				GCC_WARN_ABOUT_RETURN_TYPE = YES_ERROR;
				GCC_WARN_UNDECLARED_SELECTOR = YES;
				GCC_WARN_UNINITIALIZED_AUTOS = YES_AGGRESSIVE;
				GCC_WARN_UNUSED_FUNCTION = YES;
				GCC_WARN_UNUSED_VARIABLE = YES;
				IPHONEOS_DEPLOYMENT_TARGET = 8.0;
				LD_RUNPATH_SEARCH_PATHS = "$(inherited) ${XRT_FRAMEWORK_PATH}";
				MTL_ENABLE_DEBUG_INFO = YES;
				ONLY_ACTIVE_ARCH = NO;
				SDKROOT = iphoneos;
				SYMROOT = ../build/xcode;
				TARGETED_DEVICE_FAMILY = "1,2";
			};
			name = Debug;
		};
		26247B1B498B8176B926AF92 /* Release */ = {
			isa = XCBuildConfiguration;
			baseConfigurationReference = BE62D3A6BD6EA42037236F29 /* build.xcconfig */;
			buildSettings = {
				ALWAYS_SEARCH_USER_PATHS = NO;
				CLANG_CXX_LANGUAGE_STANDARD = "gnu++0x";
				CLANG_CXX_LIBRARY = "libc++";
				CLANG_ENABLE_MODULES = YES;
				CLANG_ENABLE_OBJC_ARC = YES;
				CLANG_WARN_BOOL_CONVERSION = YES;
				CLANG_WARN_CONSTANT_CONVERSION = YES;
				CLANG_WARN_DIRECT_OBJC_ISA_USAGE = YES_ERROR;
				CLANG_WARN_EMPTY_BODY = YES;
				CLANG_WARN_ENUM_CONVERSION = YES;
				CLANG_WARN_INT_CONVERSION = YES;
				CLANG_WARN_OBJC_ROOT_CLASS = YES_ERROR;
				CLANG_WARN_UNREACHABLE_CODE = YES;
				CLANG_WARN__DUPLICATE_METHOD_MATCH = YES;
				CODE_SIGN_IDENTITY = "iPhone Developer";
				COPY_PHASE_STRIP = NO;
				ENABLE_STRICT_OBJC_MSGSEND = YES;
				FRAMEWORK_SEARCH_PATHS = (
					"$(inherited)",
					"${XRT_FRAMEWORK_PATH}",
				);
				GCC_C_LANGUAGE_STANDARD = gnu99;
				GCC_DYNAMIC_NO_PIC = YES;
				GCC_OPTIMIZATION_LEVEL = 0;
				GCC_PREPROCESSOR_DEFINITIONS = (
					"DEBUG=1",
					"$(inherited)",
				);
				GCC_SYMBOLS_PRIVATE_EXTERN = NO;
				GCC_WARN_64_TO_32_BIT_CONVERSION = YES;
				GCC_WARN_ABOUT_RETURN_TYPE = YES_ERROR;
				GCC_WARN_UNDECLARED_SELECTOR = YES;
				GCC_WARN_UNINITIALIZED_AUTOS = YES_AGGRESSIVE;
				GCC_WARN_UNUSED_FUNCTION = YES;
				GCC_WARN_UNUSED_VARIABLE = YES;
				IPHONEOS_DEPLOYMENT_TARGET = 8.0;
				LD_RUNPATH_SEARCH_PATHS = "$(inherited) ${XRT_FRAMEWORK_PATH}";
				MTL_ENABLE_DEBUG_INFO = YES;
				ONLY_ACTIVE_ARCH = NO;
				SDKROOT = iphoneos;
				SYMROOT = ../build/xcode;
				TARGETED_DEVICE_FAMILY = "1,2";
			};
			name = Release;
		};
		ED41D1DF80B43E021E89DA24 /* Release */ = {
			isa = XCBuildConfiguration;
			baseConfigurationReference = BE62D3A6BD6EA42037236F29 /* build.xcconfig */;
			buildSettings = {
				ASSETCATALOG_COMPILER_APPICON_NAME = AppIcon;
				DEAD_CODE_STRIPPING = NO;
				ENABLE_BITCODE = NO;
				FRAMEWORK_SEARCH_PATHS = "$(inherited)";
				INFOPLIST_FILE = LazyTableLoader/Info.plist;
				LD_RUNPATH_SEARCH_PATHS = "$(inherited) @executable_path/Frameworks";
				OTHER_LDFLAGS = "${XRT_OTHER_LDFLAGS}";
				PRODUCT_NAME = LazyTableLoader;
				STRIP_STYLE = "non-global";
				VALID_ARCHS = "armv7 arm64 i386";
			};
			name = Release;
		};
/* End XCBuildConfiguration section */

/* Begin XCConfigurationList section */
		3E180C42E77C2BBE351B5064 /* Build configuration list for PBXProject "LazyTableLoader" */ = {
			isa = XCConfigurationList;
			buildConfigurations = (
				1BAC6DF47EF9E7E11EB2E370 /* Debug */,
				26247B1B498B8176B926AF92 /* Release */,
			);
			defaultConfigurationIsVisible = 0;
			defaultConfigurationName = Release;
		};
		9334A5EF8731DAE1F50A307C /* Build configuration list for PBXNativeTarget "LazyTableLoader" */ = {
			isa = XCConfigurationList;
			buildConfigurations = (
				0646E2A26F7A36678DAB9B9B /* Debug */,
				ED41D1DF80B43E021E89DA24 /* Release */,
			);
			defaultConfigurationIsVisible = 0;
			defaultConfigurationName = Release;
		};
/* End XCConfigurationList section */
	};
	rootObject = 27B7D29047AB20BC7415AAB5 /* Project object */;
}
